
Microsoft Visual Studio Solution File, Format Version 12.00
# Visual Studio Version 16
VisualStudioVersion = 16.0.32228.343
MinimumVisualStudioVersion = 10.0.40219.1
Project("{FAE04EC0-301F-11D3-BF4B-00C04F79EFBC}") = "PROJETO PARALELO 7", "PROJETO PARALELO 7\PROJETO PARALELO 7.csproj", "{19AA1529-4CE2-4D28-B442-7AF8C501FC1C}"
EndProject
Global
	GlobalSection(SolutionConfigurationPlatforms) = preSolution
		Debug|Any CPU = Debug|Any CPU
		Release|Any CPU = Release|Any CPU
	EndGlobalSection
	GlobalSection(ProjectConfigurationPlatforms) = postSolution
		{19AA1529-4CE2-4D28-B442-7AF8C501FC1C}.Debug|Any CPU.ActiveCfg = Debug|Any CPU
		{19AA1529-4CE2-4D28-B442-7AF8C501FC1C}.Debug|Any CPU.Build.0 = Debug|Any CPU
		{19AA1529-4CE2-4D28-B442-7AF8C501FC1C}.Release|Any CPU.ActiveCfg = Release|Any CPU
		{19AA1529-4CE2-4D28-B442-7AF8C501FC1C}.Release|Any CPU.Build.0 = Release|Any CPU
	EndGlobalSection
	GlobalSection(SolutionProperties) = preSolution
		HideSolutionNode = FALSE
	EndGlobalSection
	GlobalSection(ExtensibilityGlobals) = postSolution
		SolutionGuid = {939C9354-C5C7-492A-A009-23ACD4F8B154}
	EndGlobalSection
EndGlobal
