
Microsoft Visual Studio Solution File, Format Version 12.00
# Visual Studio Version 16
VisualStudioVersion = 16.0.32228.343
MinimumVisualStudioVersion = 10.0.40219.1
Project("{FAE04EC0-301F-11D3-BF4B-00C04F79EFBC}") = "PROJETO ANIMES", "PROJETO ANIMES\PROJETO ANIMES.csproj", "{B10841D4-EAF1-4610-A4E9-9C408521D5C6}"
EndProject
Global
	GlobalSection(SolutionConfigurationPlatforms) = preSolution
		Debug|Any CPU = Debug|Any CPU
		Release|Any CPU = Release|Any CPU
	EndGlobalSection
	GlobalSection(ProjectConfigurationPlatforms) = postSolution
		{B10841D4-EAF1-4610-A4E9-9C408521D5C6}.Debug|Any CPU.ActiveCfg = Debug|Any CPU
		{B10841D4-EAF1-4610-A4E9-9C408521D5C6}.Debug|Any CPU.Build.0 = Debug|Any CPU
		{B10841D4-EAF1-4610-A4E9-9C408521D5C6}.Release|Any CPU.ActiveCfg = Release|Any CPU
		{B10841D4-EAF1-4610-A4E9-9C408521D5C6}.Release|Any CPU.Build.0 = Release|Any CPU
	EndGlobalSection
	GlobalSection(SolutionProperties) = preSolution
		HideSolutionNode = FALSE
	EndGlobalSection
	GlobalSection(ExtensibilityGlobals) = postSolution
		SolutionGuid = {411543EB-03C1-4696-858B-EF6A42E4AD0C}
	EndGlobalSection
EndGlobal
